
Microsoft Visual Studio Solution File, Format Version 12.00
# Visual Studio Version 16
VisualStudioVersion = 16.0.30523.141
MinimumVisualStudioVersion = 10.0.40219.1
Project("{FAE04EC0-301F-11D3-BF4B-00C04F79EFBC}") = "Git test", "Git test\Git test.csproj", "{1D12808D-A49A-4C63-9EC9-4F126ABE7C06}"
EndProject
Global
	GlobalSection(SolutionConfigurationPlatforms) = preSolution
		Debug|Any CPU = Debug|Any CPU
		Release|Any CPU = Release|Any CPU
	EndGlobalSection
	GlobalSection(ProjectConfigurationPlatforms) = postSolution
		{1D12808D-A49A-4C63-9EC9-4F126ABE7C06}.Debug|Any CPU.ActiveCfg = Debug|Any CPU
		{1D12808D-A49A-4C63-9EC9-4F126ABE7C06}.Debug|Any CPU.Build.0 = Debug|Any CPU
		{1D12808D-A49A-4C63-9EC9-4F126ABE7C06}.Release|Any CPU.ActiveCfg = Release|Any CPU
		{1D12808D-A49A-4C63-9EC9-4F126ABE7C06}.Release|Any CPU.Build.0 = Release|Any CPU
	EndGlobalSection
	GlobalSection(SolutionProperties) = preSolution
		HideSolutionNode = FALSE
	EndGlobalSection
	GlobalSection(ExtensibilityGlobals) = postSolution
		SolutionGuid = {5A77BCE8-32CA-43CC-A1CC-547C7E32DFC3}
	EndGlobalSection
EndGlobal
